
Microsoft Visual Studio Solution File, Format Version 12.00
# Visual Studio Version 17
VisualStudioVersion = 17.6.33815.320
MinimumVisualStudioVersion = 10.0.40219.1
Project("{9A19103F-16F7-4668-BE54-9A1E7A4F7556}") = "MyClass", "MyClass\MyClass.csproj", "{DC6E87FA-F0D5-4F0C-A65B-66DE14139950}"
EndProject
Project("{9A19103F-16F7-4668-BE54-9A1E7A4F7556}") = "TestProject2", "TestProject2\TestProject2.csproj", "{7EEA7AA5-BC75-45C3-B46B-55D0FB12A925}"
EndProject
Project("{FAE04EC0-301F-11D3-BF4B-00C04F79EFBC}") = "ConsoleApp1", "ConsoleApp1\ConsoleApp1.csproj", "{E9A96B1B-2043-4F07-BBF9-DB9744A0B497}"
EndProject
Global
	GlobalSection(SolutionConfigurationPlatforms) = preSolution
		Debug|Any CPU = Debug|Any CPU
		Release|Any CPU = Release|Any CPU
	EndGlobalSection
	GlobalSection(ProjectConfigurationPlatforms) = postSolution
		{DC6E87FA-F0D5-4F0C-A65B-66DE14139950}.Debug|Any CPU.ActiveCfg = Debug|Any CPU
		{DC6E87FA-F0D5-4F0C-A65B-66DE14139950}.Debug|Any CPU.Build.0 = Debug|Any CPU
		{DC6E87FA-F0D5-4F0C-A65B-66DE14139950}.Release|Any CPU.ActiveCfg = Release|Any CPU
		{DC6E87FA-F0D5-4F0C-A65B-66DE14139950}.Release|Any CPU.Build.0 = Release|Any CPU
		{7EEA7AA5-BC75-45C3-B46B-55D0FB12A925}.Debug|Any CPU.ActiveCfg = Debug|Any CPU
		{7EEA7AA5-BC75-45C3-B46B-55D0FB12A925}.Debug|Any CPU.Build.0 = Debug|Any CPU
		{7EEA7AA5-BC75-45C3-B46B-55D0FB12A925}.Release|Any CPU.ActiveCfg = Release|Any CPU
		{7EEA7AA5-BC75-45C3-B46B-55D0FB12A925}.Release|Any CPU.Build.0 = Release|Any CPU
		{E9A96B1B-2043-4F07-BBF9-DB9744A0B497}.Debug|Any CPU.ActiveCfg = Debug|Any CPU
		{E9A96B1B-2043-4F07-BBF9-DB9744A0B497}.Debug|Any CPU.Build.0 = Debug|Any CPU
		{E9A96B1B-2043-4F07-BBF9-DB9744A0B497}.Release|Any CPU.ActiveCfg = Release|Any CPU
		{E9A96B1B-2043-4F07-BBF9-DB9744A0B497}.Release|Any CPU.Build.0 = Release|Any CPU
	EndGlobalSection
	GlobalSection(SolutionProperties) = preSolution
		HideSolutionNode = FALSE
	EndGlobalSection
	GlobalSection(ExtensibilityGlobals) = postSolution
		SolutionGuid = {2F25631E-7071-4018-A946-AD5DACD3651C}
	EndGlobalSection
EndGlobal
